
Microsoft Visual Studio Solution File, Format Version 12.00
# Visual Studio Version 16
VisualStudioVersion = 16.0.31313.79
MinimumVisualStudioVersion = 10.0.40219.1
Project("{FAE04EC0-301F-11D3-BF4B-00C04F79EFBC}") = "BillManager", "BillManager\BillManager.csproj", "{17B95708-E8B6-40D1-A6BC-86AF2C788C4C}"
EndProject
Project("{FAE04EC0-301F-11D3-BF4B-00C04F79EFBC}") = "BillManager.Entity", "BillManager.Entity\BillManager.Entity.csproj", "{86E0F588-0F16-4D95-A9FE-FE76EAFC6148}"
EndProject
Project("{FAE04EC0-301F-11D3-BF4B-00C04F79EFBC}") = "BillManager.Entity.Shared", "BillManager.Entity.Shared\BillManager.Entity.Shared.csproj", "{D003B3E0-978C-45F4-A5A7-AB877645303E}"
EndProject
Project("{FAE04EC0-301F-11D3-BF4B-00C04F79EFBC}") = "BillManager.Core", "BillManager.Business\BillManager.Core.csproj", "{BF4AD839-F967-4224-AA70-79C8C4D7BC24}"
EndProject
Project("{FAE04EC0-301F-11D3-BF4B-00C04F79EFBC}") = "BillManager.Shared", "BillManager.Shared\BillManager.Shared.csproj", "{A0C26B4C-6A8B-4C1A-98EB-0B432676DE27}"
EndProject
Global
	GlobalSection(SolutionConfigurationPlatforms) = preSolution
		Debug|Any CPU = Debug|Any CPU
		Release|Any CPU = Release|Any CPU
	EndGlobalSection
	GlobalSection(ProjectConfigurationPlatforms) = postSolution
		{17B95708-E8B6-40D1-A6BC-86AF2C788C4C}.Debug|Any CPU.ActiveCfg = Debug|Any CPU
		{17B95708-E8B6-40D1-A6BC-86AF2C788C4C}.Debug|Any CPU.Build.0 = Debug|Any CPU
		{17B95708-E8B6-40D1-A6BC-86AF2C788C4C}.Release|Any CPU.ActiveCfg = Release|Any CPU
		{17B95708-E8B6-40D1-A6BC-86AF2C788C4C}.Release|Any CPU.Build.0 = Release|Any CPU
		{86E0F588-0F16-4D95-A9FE-FE76EAFC6148}.Debug|Any CPU.ActiveCfg = Debug|Any CPU
		{86E0F588-0F16-4D95-A9FE-FE76EAFC6148}.Debug|Any CPU.Build.0 = Debug|Any CPU
		{86E0F588-0F16-4D95-A9FE-FE76EAFC6148}.Release|Any CPU.ActiveCfg = Release|Any CPU
		{86E0F588-0F16-4D95-A9FE-FE76EAFC6148}.Release|Any CPU.Build.0 = Release|Any CPU
		{D003B3E0-978C-45F4-A5A7-AB877645303E}.Debug|Any CPU.ActiveCfg = Debug|Any CPU
		{D003B3E0-978C-45F4-A5A7-AB877645303E}.Debug|Any CPU.Build.0 = Debug|Any CPU
		{D003B3E0-978C-45F4-A5A7-AB877645303E}.Release|Any CPU.ActiveCfg = Release|Any CPU
		{D003B3E0-978C-45F4-A5A7-AB877645303E}.Release|Any CPU.Build.0 = Release|Any CPU
		{BF4AD839-F967-4224-AA70-79C8C4D7BC24}.Debug|Any CPU.ActiveCfg = Debug|Any CPU
		{BF4AD839-F967-4224-AA70-79C8C4D7BC24}.Debug|Any CPU.Build.0 = Debug|Any CPU
		{BF4AD839-F967-4224-AA70-79C8C4D7BC24}.Release|Any CPU.ActiveCfg = Release|Any CPU
		{BF4AD839-F967-4224-AA70-79C8C4D7BC24}.Release|Any CPU.Build.0 = Release|Any CPU
		{A0C26B4C-6A8B-4C1A-98EB-0B432676DE27}.Debug|Any CPU.ActiveCfg = Debug|Any CPU
		{A0C26B4C-6A8B-4C1A-98EB-0B432676DE27}.Debug|Any CPU.Build.0 = Debug|Any CPU
		{A0C26B4C-6A8B-4C1A-98EB-0B432676DE27}.Release|Any CPU.ActiveCfg = Release|Any CPU
		{A0C26B4C-6A8B-4C1A-98EB-0B432676DE27}.Release|Any CPU.Build.0 = Release|Any CPU
	EndGlobalSection
	GlobalSection(SolutionProperties) = preSolution
		HideSolutionNode = FALSE
	EndGlobalSection
	GlobalSection(ExtensibilityGlobals) = postSolution
		SolutionGuid = {9959EC86-0672-4FEE-953C-20372FA77397}
	EndGlobalSection
EndGlobal
